{
  "version": 4,
  "terraform_version": "1.9.5",
  "serial": 1,
  "lineage": "b3df0dd3-7058-cb3c-1d7f-2d63f68fb501",
  "outputs": {},
  "resources": [
    {
      "mode": "data",
      "type": "mongodbatlas_roles_org_id",
      "name": "org",
      "provider": "provider[\"registry.terraform.io/mongodb/mongodbatlas\"]",
      "instances": [
        {
          "schema_version": 0,
          "attributes": {
            "id": "671144190f17374c394f1080",
            "org_id": "671144190f17374c394f1080"
          },
          "sensitive_attributes": []
        }
      ]
    },
    {
      "mode": "managed",
      "type": "mongodbatlas_project",
      "name": "default",
      "provider": "provider[\"registry.terraform.io/mongodb/mongodbatlas\"]",
      "instances": [
        {
          "schema_version": 0,
          "attributes": {
            "cluster_count": 0,
            "created": "2024-10-18T16:12:08Z",
            "id": "671288d5fb43d76d8cd906ce",
            "is_collect_database_specifics_statistics_enabled": true,
            "is_data_explorer_enabled": false,
            "is_extended_storage_sizes_enabled": true,
            "is_performance_advisor_enabled": true,
            "is_realtime_performance_panel_enabled": true,
            "is_schema_advisor_enabled": true,
            "limits": [],
            "name": "project-test",
            "org_id": "671144190f17374c394f1080",
            "project_owner_id": null,
            "region_usage_restrictions": null,
            "teams": [],
            "with_default_alerts_settings": true
          },
          "sensitive_attributes": [],
          "dependencies": [
            "data.mongodbatlas_roles_org_id.org"
          ]
        }
      ]
    }
  ],
  "check_results": null
}
